
Microsoft Visual Studio Solution File, Format Version 12.00
# Visual Studio Version 17
VisualStudioVersion = 17.7.34202.233
MinimumVisualStudioVersion = 10.0.40219.1
Project("{C9674DCB-5085-4A16-B785-4C70DD1589BD}") = "Seminar", "Seminar.dtproj", "{0A09240B-D7AB-4165-B96A-6DB36B1F493E}"
EndProject
Global
	GlobalSection(SolutionConfigurationPlatforms) = preSolution
		Development|Default = Development|Default
	EndGlobalSection
	GlobalSection(ProjectConfigurationPlatforms) = postSolution
		{0A09240B-D7AB-4165-B96A-6DB36B1F493E}.Development|Default.ActiveCfg = Development
		{0A09240B-D7AB-4165-B96A-6DB36B1F493E}.Development|Default.Build.0 = Development
	EndGlobalSection
	GlobalSection(SolutionProperties) = preSolution
		HideSolutionNode = FALSE
	EndGlobalSection
	GlobalSection(ExtensibilityGlobals) = postSolution
		SolutionGuid = {E91129B2-FF3A-4F01-8FC2-1F87DFC2EF48}
	EndGlobalSection
EndGlobal
